
Microsoft Visual Studio Solution File, Format Version 12.00
# Visual Studio 2012
Project("{FAE04EC0-301F-11D3-BF4B-00C04F79EFBC}") = "GeohashCross.Android", "GeohashCross.Android\GeohashCross.Android.csproj", "{045D5E9D-D7A7-46D6-A743-203E1E72B01D}"
EndProject
Project("{FAE04EC0-301F-11D3-BF4B-00C04F79EFBC}") = "GeohashCross.iOS", "GeohashCross.iOS\GeohashCross.iOS.csproj", "{C12BCADA-D672-40B5-BFBA-96B7A48C0F3F}"
EndProject
Project("{FAE04EC0-301F-11D3-BF4B-00C04F79EFBC}") = "GeohashCross.UITests", "GeohashCross.UITests\GeohashCross.UITests.csproj", "{B19C892E-2628-4CA7-AD27-08D406A3B14B}"
EndProject
Project("{FAE04EC0-301F-11D3-BF4B-00C04F79EFBC}") = "GeohashCross", "GeohashCross\GeohashCross.csproj", "{7D27FFC2-02A6-46B0-B764-D532D5524C72}"
EndProject
Global
	GlobalSection(SolutionConfigurationPlatforms) = preSolution
		Debug|Any CPU = Debug|Any CPU
		Release|Any CPU = Release|Any CPU
		Debug|iPhoneSimulator = Debug|iPhoneSimulator
		Release|iPhoneSimulator = Release|iPhoneSimulator
		Debug|iPhone = Debug|iPhone
		Release|iPhone = Release|iPhone
		Ad-Hoc|iPhone = Ad-Hoc|iPhone
		AppStore|iPhone = AppStore|iPhone
	EndGlobalSection
	GlobalSection(ProjectConfigurationPlatforms) = postSolution
		{045D5E9D-D7A7-46D6-A743-203E1E72B01D}.Debug|Any CPU.ActiveCfg = Debug|Any CPU
		{045D5E9D-D7A7-46D6-A743-203E1E72B01D}.Debug|Any CPU.Build.0 = Debug|Any CPU
		{045D5E9D-D7A7-46D6-A743-203E1E72B01D}.Release|Any CPU.ActiveCfg = Release|Any CPU
		{045D5E9D-D7A7-46D6-A743-203E1E72B01D}.Release|Any CPU.Build.0 = Release|Any CPU
		{045D5E9D-D7A7-46D6-A743-203E1E72B01D}.Debug|iPhoneSimulator.ActiveCfg = Debug|Any CPU
		{045D5E9D-D7A7-46D6-A743-203E1E72B01D}.Debug|iPhoneSimulator.Build.0 = Debug|Any CPU
		{045D5E9D-D7A7-46D6-A743-203E1E72B01D}.Release|iPhoneSimulator.ActiveCfg = Release|Any CPU
		{045D5E9D-D7A7-46D6-A743-203E1E72B01D}.Release|iPhoneSimulator.Build.0 = Release|Any CPU
		{045D5E9D-D7A7-46D6-A743-203E1E72B01D}.Debug|iPhone.ActiveCfg = Debug|Any CPU
		{045D5E9D-D7A7-46D6-A743-203E1E72B01D}.Debug|iPhone.Build.0 = Debug|Any CPU
		{045D5E9D-D7A7-46D6-A743-203E1E72B01D}.Release|iPhone.ActiveCfg = Release|Any CPU
		{045D5E9D-D7A7-46D6-A743-203E1E72B01D}.Release|iPhone.Build.0 = Release|Any CPU
		{045D5E9D-D7A7-46D6-A743-203E1E72B01D}.Ad-Hoc|iPhone.ActiveCfg = Debug|Any CPU
		{045D5E9D-D7A7-46D6-A743-203E1E72B01D}.Ad-Hoc|iPhone.Build.0 = Debug|Any CPU
		{045D5E9D-D7A7-46D6-A743-203E1E72B01D}.AppStore|iPhone.ActiveCfg = Debug|Any CPU
		{045D5E9D-D7A7-46D6-A743-203E1E72B01D}.AppStore|iPhone.Build.0 = Debug|Any CPU
		{C12BCADA-D672-40B5-BFBA-96B7A48C0F3F}.Debug|Any CPU.ActiveCfg = Debug|iPhoneSimulator
		{C12BCADA-D672-40B5-BFBA-96B7A48C0F3F}.Debug|Any CPU.Build.0 = Debug|iPhoneSimulator
		{C12BCADA-D672-40B5-BFBA-96B7A48C0F3F}.Release|Any CPU.ActiveCfg = Release|iPhoneSimulator
		{C12BCADA-D672-40B5-BFBA-96B7A48C0F3F}.Release|Any CPU.Build.0 = Release|iPhoneSimulator
		{C12BCADA-D672-40B5-BFBA-96B7A48C0F3F}.Debug|iPhoneSimulator.ActiveCfg = Debug|iPhoneSimulator
		{C12BCADA-D672-40B5-BFBA-96B7A48C0F3F}.Debug|iPhoneSimulator.Build.0 = Debug|iPhoneSimulator
		{C12BCADA-D672-40B5-BFBA-96B7A48C0F3F}.Release|iPhoneSimulator.ActiveCfg = Release|iPhoneSimulator
		{C12BCADA-D672-40B5-BFBA-96B7A48C0F3F}.Release|iPhoneSimulator.Build.0 = Release|iPhoneSimulator
		{C12BCADA-D672-40B5-BFBA-96B7A48C0F3F}.Debug|iPhone.ActiveCfg = Debug|iPhone
		{C12BCADA-D672-40B5-BFBA-96B7A48C0F3F}.Debug|iPhone.Build.0 = Debug|iPhone
		{C12BCADA-D672-40B5-BFBA-96B7A48C0F3F}.Release|iPhone.ActiveCfg = Release|iPhone
		{C12BCADA-D672-40B5-BFBA-96B7A48C0F3F}.Release|iPhone.Build.0 = Release|iPhone
		{C12BCADA-D672-40B5-BFBA-96B7A48C0F3F}.Ad-Hoc|iPhone.ActiveCfg = Ad-Hoc|iPhone
		{C12BCADA-D672-40B5-BFBA-96B7A48C0F3F}.Ad-Hoc|iPhone.Build.0 = Ad-Hoc|iPhone
		{C12BCADA-D672-40B5-BFBA-96B7A48C0F3F}.AppStore|iPhone.ActiveCfg = AppStore|iPhone
		{C12BCADA-D672-40B5-BFBA-96B7A48C0F3F}.AppStore|iPhone.Build.0 = AppStore|iPhone
		{B19C892E-2628-4CA7-AD27-08D406A3B14B}.Debug|Any CPU.ActiveCfg = Debug|Any CPU
		{B19C892E-2628-4CA7-AD27-08D406A3B14B}.Debug|Any CPU.Build.0 = Debug|Any CPU
		{B19C892E-2628-4CA7-AD27-08D406A3B14B}.Release|Any CPU.ActiveCfg = Release|Any CPU
		{B19C892E-2628-4CA7-AD27-08D406A3B14B}.Release|Any CPU.Build.0 = Release|Any CPU
		{B19C892E-2628-4CA7-AD27-08D406A3B14B}.Debug|iPhoneSimulator.ActiveCfg = Debug|Any CPU
		{B19C892E-2628-4CA7-AD27-08D406A3B14B}.Debug|iPhoneSimulator.Build.0 = Debug|Any CPU
		{B19C892E-2628-4CA7-AD27-08D406A3B14B}.Release|iPhoneSimulator.ActiveCfg = Release|Any CPU
		{B19C892E-2628-4CA7-AD27-08D406A3B14B}.Release|iPhoneSimulator.Build.0 = Release|Any CPU
		{B19C892E-2628-4CA7-AD27-08D406A3B14B}.Debug|iPhone.ActiveCfg = Debug|Any CPU
		{B19C892E-2628-4CA7-AD27-08D406A3B14B}.Debug|iPhone.Build.0 = Debug|Any CPU
		{B19C892E-2628-4CA7-AD27-08D406A3B14B}.Release|iPhone.ActiveCfg = Release|Any CPU
		{B19C892E-2628-4CA7-AD27-08D406A3B14B}.Release|iPhone.Build.0 = Release|Any CPU
		{B19C892E-2628-4CA7-AD27-08D406A3B14B}.Ad-Hoc|iPhone.ActiveCfg = Debug|Any CPU
		{B19C892E-2628-4CA7-AD27-08D406A3B14B}.Ad-Hoc|iPhone.Build.0 = Debug|Any CPU
		{B19C892E-2628-4CA7-AD27-08D406A3B14B}.AppStore|iPhone.ActiveCfg = Debug|Any CPU
		{B19C892E-2628-4CA7-AD27-08D406A3B14B}.AppStore|iPhone.Build.0 = Debug|Any CPU
		{7D27FFC2-02A6-46B0-B764-D532D5524C72}.Debug|Any CPU.ActiveCfg = Debug|Any CPU
		{7D27FFC2-02A6-46B0-B764-D532D5524C72}.Debug|Any CPU.Build.0 = Debug|Any CPU
		{7D27FFC2-02A6-46B0-B764-D532D5524C72}.Release|Any CPU.ActiveCfg = Release|Any CPU
		{7D27FFC2-02A6-46B0-B764-D532D5524C72}.Release|Any CPU.Build.0 = Release|Any CPU
		{7D27FFC2-02A6-46B0-B764-D532D5524C72}.Debug|iPhoneSimulator.ActiveCfg = Debug|Any CPU
		{7D27FFC2-02A6-46B0-B764-D532D5524C72}.Debug|iPhoneSimulator.Build.0 = Debug|Any CPU
		{7D27FFC2-02A6-46B0-B764-D532D5524C72}.Release|iPhoneSimulator.ActiveCfg = Release|Any CPU
		{7D27FFC2-02A6-46B0-B764-D532D5524C72}.Release|iPhoneSimulator.Build.0 = Release|Any CPU
		{7D27FFC2-02A6-46B0-B764-D532D5524C72}.Debug|iPhone.ActiveCfg = Debug|Any CPU
		{7D27FFC2-02A6-46B0-B764-D532D5524C72}.Debug|iPhone.Build.0 = Debug|Any CPU
		{7D27FFC2-02A6-46B0-B764-D532D5524C72}.Release|iPhone.ActiveCfg = Release|Any CPU
		{7D27FFC2-02A6-46B0-B764-D532D5524C72}.Release|iPhone.Build.0 = Release|Any CPU
		{7D27FFC2-02A6-46B0-B764-D532D5524C72}.Ad-Hoc|iPhone.ActiveCfg = Debug|Any CPU
		{7D27FFC2-02A6-46B0-B764-D532D5524C72}.Ad-Hoc|iPhone.Build.0 = Debug|Any CPU
		{7D27FFC2-02A6-46B0-B764-D532D5524C72}.AppStore|iPhone.ActiveCfg = Debug|Any CPU
		{7D27FFC2-02A6-46B0-B764-D532D5524C72}.AppStore|iPhone.Build.0 = Debug|Any CPU
	EndGlobalSection
EndGlobal
