
Microsoft Visual Studio Solution File, Format Version 12.00
# Visual Studio 2012
Project("{FAE04EC0-301F-11D3-BF4B-00C04F79EFBC}") = "GeohashCross.Android", "GeohashCross.Android\GeohashCross.Android.csproj", "{DF9E4067-80D4-49E5-85B0-913AB24FD024}"
EndProject
Project("{FAE04EC0-301F-11D3-BF4B-00C04F79EFBC}") = "GeohashCross.iOS", "GeohashCross.iOS\GeohashCross.iOS.csproj", "{F4B55E6C-BFAF-4A7B-9E01-F6CB474E1D27}"
EndProject
Project("{FAE04EC0-301F-11D3-BF4B-00C04F79EFBC}") = "GeohashCross.UITests", "GeohashCross.UITests\GeohashCross.UITests.csproj", "{B19C892E-2628-4CA7-AD27-08D406A3B14B}"
EndProject
Project("{FAE04EC0-301F-11D3-BF4B-00C04F79EFBC}") = "GeohashCross", "GeohashCross\GeohashCross.csproj", "{67C4DCF8-1E25-426F-BFC6-A7B4B376B63E}"
EndProject
Project("{FAE04EC0-301F-11D3-BF4B-00C04F79EFBC}") = "GeohashCross.Model", "GeohashCross.Model\GeohashCross.Model.csproj", "{815064D1-3692-4B8A-B0B4-94B20008A204}"
EndProject
Project("{FAE04EC0-301F-11D3-BF4B-00C04F79EFBC}") = "GeohashCross.Web", "GeohashCross.Web\GeohashCross.Web.csproj", "{38D14CAD-E4BA-4774-91D6-B1310134BD41}"
EndProject
Global
	GlobalSection(SolutionConfigurationPlatforms) = preSolution
		Debug|Any CPU = Debug|Any CPU
		Release|Any CPU = Release|Any CPU
		Debug|iPhoneSimulator = Debug|iPhoneSimulator
		Release|iPhoneSimulator = Release|iPhoneSimulator
		Debug|iPhone = Debug|iPhone
		Release|iPhone = Release|iPhone
		Ad-Hoc|iPhone = Ad-Hoc|iPhone
		AppStore|iPhone = AppStore|iPhone
	EndGlobalSection
	GlobalSection(ProjectConfigurationPlatforms) = postSolution
		{DF9E4067-80D4-49E5-85B0-913AB24FD024}.Debug|Any CPU.ActiveCfg = Debug|Any CPU
		{DF9E4067-80D4-49E5-85B0-913AB24FD024}.Debug|Any CPU.Build.0 = Debug|Any CPU
		{DF9E4067-80D4-49E5-85B0-913AB24FD024}.Release|Any CPU.ActiveCfg = Release|Any CPU
		{DF9E4067-80D4-49E5-85B0-913AB24FD024}.Release|Any CPU.Build.0 = Release|Any CPU
		{DF9E4067-80D4-49E5-85B0-913AB24FD024}.Debug|iPhoneSimulator.ActiveCfg = Debug|Any CPU
		{DF9E4067-80D4-49E5-85B0-913AB24FD024}.Debug|iPhoneSimulator.Build.0 = Debug|Any CPU
		{DF9E4067-80D4-49E5-85B0-913AB24FD024}.Release|iPhoneSimulator.ActiveCfg = Release|Any CPU
		{DF9E4067-80D4-49E5-85B0-913AB24FD024}.Release|iPhoneSimulator.Build.0 = Release|Any CPU
		{DF9E4067-80D4-49E5-85B0-913AB24FD024}.Debug|iPhone.ActiveCfg = Debug|Any CPU
		{DF9E4067-80D4-49E5-85B0-913AB24FD024}.Debug|iPhone.Build.0 = Debug|Any CPU
		{DF9E4067-80D4-49E5-85B0-913AB24FD024}.Release|iPhone.ActiveCfg = Release|Any CPU
		{DF9E4067-80D4-49E5-85B0-913AB24FD024}.Release|iPhone.Build.0 = Release|Any CPU
		{DF9E4067-80D4-49E5-85B0-913AB24FD024}.Ad-Hoc|iPhone.ActiveCfg = Debug|Any CPU
		{DF9E4067-80D4-49E5-85B0-913AB24FD024}.Ad-Hoc|iPhone.Build.0 = Debug|Any CPU
		{DF9E4067-80D4-49E5-85B0-913AB24FD024}.AppStore|iPhone.ActiveCfg = Debug|Any CPU
		{DF9E4067-80D4-49E5-85B0-913AB24FD024}.AppStore|iPhone.Build.0 = Debug|Any CPU
		{F4B55E6C-BFAF-4A7B-9E01-F6CB474E1D27}.Debug|Any CPU.ActiveCfg = Debug|iPhoneSimulator
		{F4B55E6C-BFAF-4A7B-9E01-F6CB474E1D27}.Debug|Any CPU.Build.0 = Debug|iPhoneSimulator
		{F4B55E6C-BFAF-4A7B-9E01-F6CB474E1D27}.Release|Any CPU.ActiveCfg = Release|iPhoneSimulator
		{F4B55E6C-BFAF-4A7B-9E01-F6CB474E1D27}.Release|Any CPU.Build.0 = Release|iPhoneSimulator
		{F4B55E6C-BFAF-4A7B-9E01-F6CB474E1D27}.Debug|iPhoneSimulator.ActiveCfg = Debug|iPhoneSimulator
		{F4B55E6C-BFAF-4A7B-9E01-F6CB474E1D27}.Debug|iPhoneSimulator.Build.0 = Debug|iPhoneSimulator
		{F4B55E6C-BFAF-4A7B-9E01-F6CB474E1D27}.Release|iPhoneSimulator.ActiveCfg = Release|iPhoneSimulator
		{F4B55E6C-BFAF-4A7B-9E01-F6CB474E1D27}.Release|iPhoneSimulator.Build.0 = Release|iPhoneSimulator
		{F4B55E6C-BFAF-4A7B-9E01-F6CB474E1D27}.Debug|iPhone.ActiveCfg = Debug|iPhone
		{F4B55E6C-BFAF-4A7B-9E01-F6CB474E1D27}.Debug|iPhone.Build.0 = Debug|iPhone
		{F4B55E6C-BFAF-4A7B-9E01-F6CB474E1D27}.Release|iPhone.ActiveCfg = Release|iPhone
		{F4B55E6C-BFAF-4A7B-9E01-F6CB474E1D27}.Release|iPhone.Build.0 = Release|iPhone
		{F4B55E6C-BFAF-4A7B-9E01-F6CB474E1D27}.Ad-Hoc|iPhone.ActiveCfg = Ad-Hoc|iPhone
		{F4B55E6C-BFAF-4A7B-9E01-F6CB474E1D27}.Ad-Hoc|iPhone.Build.0 = Ad-Hoc|iPhone
		{F4B55E6C-BFAF-4A7B-9E01-F6CB474E1D27}.AppStore|iPhone.ActiveCfg = AppStore|iPhone
		{F4B55E6C-BFAF-4A7B-9E01-F6CB474E1D27}.AppStore|iPhone.Build.0 = AppStore|iPhone
		{B19C892E-2628-4CA7-AD27-08D406A3B14B}.Debug|Any CPU.ActiveCfg = Debug|Any CPU
		{B19C892E-2628-4CA7-AD27-08D406A3B14B}.Debug|Any CPU.Build.0 = Debug|Any CPU
		{B19C892E-2628-4CA7-AD27-08D406A3B14B}.Release|Any CPU.ActiveCfg = Release|Any CPU
		{B19C892E-2628-4CA7-AD27-08D406A3B14B}.Release|Any CPU.Build.0 = Release|Any CPU
		{B19C892E-2628-4CA7-AD27-08D406A3B14B}.Debug|iPhoneSimulator.ActiveCfg = Debug|Any CPU
		{B19C892E-2628-4CA7-AD27-08D406A3B14B}.Debug|iPhoneSimulator.Build.0 = Debug|Any CPU
		{B19C892E-2628-4CA7-AD27-08D406A3B14B}.Release|iPhoneSimulator.ActiveCfg = Release|Any CPU
		{B19C892E-2628-4CA7-AD27-08D406A3B14B}.Release|iPhoneSimulator.Build.0 = Release|Any CPU
		{B19C892E-2628-4CA7-AD27-08D406A3B14B}.Debug|iPhone.ActiveCfg = Debug|Any CPU
		{B19C892E-2628-4CA7-AD27-08D406A3B14B}.Debug|iPhone.Build.0 = Debug|Any CPU
		{B19C892E-2628-4CA7-AD27-08D406A3B14B}.Release|iPhone.ActiveCfg = Release|Any CPU
		{B19C892E-2628-4CA7-AD27-08D406A3B14B}.Release|iPhone.Build.0 = Release|Any CPU
		{B19C892E-2628-4CA7-AD27-08D406A3B14B}.Ad-Hoc|iPhone.ActiveCfg = Debug|Any CPU
		{B19C892E-2628-4CA7-AD27-08D406A3B14B}.Ad-Hoc|iPhone.Build.0 = Debug|Any CPU
		{B19C892E-2628-4CA7-AD27-08D406A3B14B}.AppStore|iPhone.ActiveCfg = Debug|Any CPU
		{B19C892E-2628-4CA7-AD27-08D406A3B14B}.AppStore|iPhone.Build.0 = Debug|Any CPU
		{67C4DCF8-1E25-426F-BFC6-A7B4B376B63E}.Debug|Any CPU.ActiveCfg = Debug|Any CPU
		{67C4DCF8-1E25-426F-BFC6-A7B4B376B63E}.Debug|Any CPU.Build.0 = Debug|Any CPU
		{67C4DCF8-1E25-426F-BFC6-A7B4B376B63E}.Release|Any CPU.ActiveCfg = Release|Any CPU
		{67C4DCF8-1E25-426F-BFC6-A7B4B376B63E}.Release|Any CPU.Build.0 = Release|Any CPU
		{67C4DCF8-1E25-426F-BFC6-A7B4B376B63E}.Debug|iPhoneSimulator.ActiveCfg = Debug|Any CPU
		{67C4DCF8-1E25-426F-BFC6-A7B4B376B63E}.Debug|iPhoneSimulator.Build.0 = Debug|Any CPU
		{67C4DCF8-1E25-426F-BFC6-A7B4B376B63E}.Release|iPhoneSimulator.ActiveCfg = Release|Any CPU
		{67C4DCF8-1E25-426F-BFC6-A7B4B376B63E}.Release|iPhoneSimulator.Build.0 = Release|Any CPU
		{67C4DCF8-1E25-426F-BFC6-A7B4B376B63E}.Debug|iPhone.ActiveCfg = Debug|Any CPU
		{67C4DCF8-1E25-426F-BFC6-A7B4B376B63E}.Debug|iPhone.Build.0 = Debug|Any CPU
		{67C4DCF8-1E25-426F-BFC6-A7B4B376B63E}.Release|iPhone.ActiveCfg = Release|Any CPU
		{67C4DCF8-1E25-426F-BFC6-A7B4B376B63E}.Release|iPhone.Build.0 = Release|Any CPU
		{67C4DCF8-1E25-426F-BFC6-A7B4B376B63E}.Ad-Hoc|iPhone.ActiveCfg = Debug|Any CPU
		{67C4DCF8-1E25-426F-BFC6-A7B4B376B63E}.Ad-Hoc|iPhone.Build.0 = Debug|Any CPU
		{67C4DCF8-1E25-426F-BFC6-A7B4B376B63E}.AppStore|iPhone.ActiveCfg = Debug|Any CPU
		{67C4DCF8-1E25-426F-BFC6-A7B4B376B63E}.AppStore|iPhone.Build.0 = Debug|Any CPU
		{815064D1-3692-4B8A-B0B4-94B20008A204}.Debug|Any CPU.ActiveCfg = Debug|Any CPU
		{815064D1-3692-4B8A-B0B4-94B20008A204}.Debug|Any CPU.Build.0 = Debug|Any CPU
		{815064D1-3692-4B8A-B0B4-94B20008A204}.Release|Any CPU.ActiveCfg = Release|Any CPU
		{815064D1-3692-4B8A-B0B4-94B20008A204}.Release|Any CPU.Build.0 = Release|Any CPU
		{815064D1-3692-4B8A-B0B4-94B20008A204}.Debug|iPhoneSimulator.ActiveCfg = Debug|Any CPU
		{815064D1-3692-4B8A-B0B4-94B20008A204}.Debug|iPhoneSimulator.Build.0 = Debug|Any CPU
		{815064D1-3692-4B8A-B0B4-94B20008A204}.Release|iPhoneSimulator.ActiveCfg = Release|Any CPU
		{815064D1-3692-4B8A-B0B4-94B20008A204}.Release|iPhoneSimulator.Build.0 = Release|Any CPU
		{815064D1-3692-4B8A-B0B4-94B20008A204}.Debug|iPhone.ActiveCfg = Debug|Any CPU
		{815064D1-3692-4B8A-B0B4-94B20008A204}.Debug|iPhone.Build.0 = Debug|Any CPU
		{815064D1-3692-4B8A-B0B4-94B20008A204}.Release|iPhone.ActiveCfg = Release|Any CPU
		{815064D1-3692-4B8A-B0B4-94B20008A204}.Release|iPhone.Build.0 = Release|Any CPU
		{815064D1-3692-4B8A-B0B4-94B20008A204}.Ad-Hoc|iPhone.ActiveCfg = Debug|Any CPU
		{815064D1-3692-4B8A-B0B4-94B20008A204}.Ad-Hoc|iPhone.Build.0 = Debug|Any CPU
		{815064D1-3692-4B8A-B0B4-94B20008A204}.AppStore|iPhone.ActiveCfg = Debug|Any CPU
		{815064D1-3692-4B8A-B0B4-94B20008A204}.AppStore|iPhone.Build.0 = Debug|Any CPU
		{38D14CAD-E4BA-4774-91D6-B1310134BD41}.Debug|Any CPU.ActiveCfg = Debug|Any CPU
		{38D14CAD-E4BA-4774-91D6-B1310134BD41}.Debug|Any CPU.Build.0 = Debug|Any CPU
		{38D14CAD-E4BA-4774-91D6-B1310134BD41}.Release|Any CPU.ActiveCfg = Release|Any CPU
		{38D14CAD-E4BA-4774-91D6-B1310134BD41}.Release|Any CPU.Build.0 = Release|Any CPU
		{38D14CAD-E4BA-4774-91D6-B1310134BD41}.Debug|iPhoneSimulator.ActiveCfg = Debug|Any CPU
		{38D14CAD-E4BA-4774-91D6-B1310134BD41}.Debug|iPhoneSimulator.Build.0 = Debug|Any CPU
		{38D14CAD-E4BA-4774-91D6-B1310134BD41}.Release|iPhoneSimulator.ActiveCfg = Release|Any CPU
		{38D14CAD-E4BA-4774-91D6-B1310134BD41}.Release|iPhoneSimulator.Build.0 = Release|Any CPU
		{38D14CAD-E4BA-4774-91D6-B1310134BD41}.Debug|iPhone.ActiveCfg = Debug|Any CPU
		{38D14CAD-E4BA-4774-91D6-B1310134BD41}.Debug|iPhone.Build.0 = Debug|Any CPU
		{38D14CAD-E4BA-4774-91D6-B1310134BD41}.Release|iPhone.ActiveCfg = Release|Any CPU
		{38D14CAD-E4BA-4774-91D6-B1310134BD41}.Release|iPhone.Build.0 = Release|Any CPU
		{38D14CAD-E4BA-4774-91D6-B1310134BD41}.Ad-Hoc|iPhone.ActiveCfg = Debug|Any CPU
		{38D14CAD-E4BA-4774-91D6-B1310134BD41}.Ad-Hoc|iPhone.Build.0 = Debug|Any CPU
		{38D14CAD-E4BA-4774-91D6-B1310134BD41}.AppStore|iPhone.ActiveCfg = Debug|Any CPU
		{38D14CAD-E4BA-4774-91D6-B1310134BD41}.AppStore|iPhone.Build.0 = Debug|Any CPU
	EndGlobalSection
EndGlobal
